
Microsoft Visual Studio Solution File, Format Version 12.00
# Visual Studio 2013
VisualStudioVersion = 12.0.21005.1
MinimumVisualStudioVersion = 10.0.40219.1
Project("{8BC9CEB8-8B4A-11D0-8D11-00A0C91BC942}") = "9du-1461-dfs", "9du-1461-dfs\9du-1461-dfs.vcxproj", "{B27CE80A-A532-4F7C-AF76-ECF6E6D84887}"
EndProject
Global
	GlobalSection(SolutionConfigurationPlatforms) = preSolution
		Debug|Win32 = Debug|Win32
		Release|Win32 = Release|Win32
	EndGlobalSection
	GlobalSection(ProjectConfigurationPlatforms) = postSolution
		{B27CE80A-A532-4F7C-AF76-ECF6E6D84887}.Debug|Win32.ActiveCfg = Debug|Win32
		{B27CE80A-A532-4F7C-AF76-ECF6E6D84887}.Debug|Win32.Build.0 = Debug|Win32
		{B27CE80A-A532-4F7C-AF76-ECF6E6D84887}.Release|Win32.ActiveCfg = Release|Win32
		{B27CE80A-A532-4F7C-AF76-ECF6E6D84887}.Release|Win32.Build.0 = Release|Win32
	EndGlobalSection
	GlobalSection(SolutionProperties) = preSolution
		HideSolutionNode = FALSE
	EndGlobalSection
EndGlobal
